// !$*UTF8*$!
{
	archiveVersion = 1;
	classes = {
	};
	objectVersion = 55;
	objects = {

/* Begin PBXBuildFile section */
		AC33604D2826B805005EB968 /* Folder.swift in Sources */ = {isa = PBXBuildFile; fileRef = AC33604C2826B805005EB968 /* Folder.swift */; };
		AC3360502826B86F005EB968 /* NoteViewModel.swift in Sources */ = {isa = PBXBuildFile; fileRef = AC33604F2826B86F005EB968 /* NoteViewModel.swift */; };
		AC3360522826BD4E005EB968 /* Error.swift in Sources */ = {isa = PBXBuildFile; fileRef = AC3360512826BD4E005EB968 /* Error.swift */; };
		AC39D98F2826FBA100B7B6A4 /* Note.swift in Sources */ = {isa = PBXBuildFile; fileRef = AC39D98E2826FBA100B7B6A4 /* Note.swift */; };
		AC39D99528270DF200B7B6A4 /* NoteView.swift in Sources */ = {isa = PBXBuildFile; fileRef = AC39D99428270DF200B7B6A4 /* NoteView.swift */; };
		AC39D99928270F8400B7B6A4 /* FolderCreateView.swift in Sources */ = {isa = PBXBuildFile; fileRef = AC39D99628270F8400B7B6A4 /* FolderCreateView.swift */; };
		AC39D99A28270F8400B7B6A4 /* FoldersView.swift in Sources */ = {isa = PBXBuildFile; fileRef = AC39D99728270F8400B7B6A4 /* FoldersView.swift */; };
		AC39D99B28270F8400B7B6A4 /* NotesView.swift in Sources */ = {isa = PBXBuildFile; fileRef = AC39D99828270F8400B7B6A4 /* NotesView.swift */; };
		AC4257762826CE930084BCB5 /* Serde in Frameworks */ = {isa = PBXBuildFile; productRef = AC4257752826CE930084BCB5 /* Serde */; };
		AC4257782826D2630084BCB5 /* TraitHelpers.swift in Sources */ = {isa = PBXBuildFile; fileRef = AC4257772826D2630084BCB5 /* TraitHelpers.swift */; };
		AC88477B2827C59600EFA78A /* libios.a in Frameworks */ = {isa = PBXBuildFile; fileRef = AC8847792827C57500EFA78A /* libios.a */; };
		AC88477D2827C6C100EFA78A /* Runtime.swift in Sources */ = {isa = PBXBuildFile; fileRef = AC88477C2827C6C100EFA78A /* Runtime.swift */; };
		ACB446F22826710600CCF027 /* MaviNoteApp.swift in Sources */ = {isa = PBXBuildFile; fileRef = ACB446F12826710600CCF027 /* MaviNoteApp.swift */; };
		ACB446F42826710600CCF027 /* ContentView.swift in Sources */ = {isa = PBXBuildFile; fileRef = ACB446F32826710600CCF027 /* ContentView.swift */; };
		ACB446F62826710C00CCF027 /* Assets.xcassets in Resources */ = {isa = PBXBuildFile; fileRef = ACB446F52826710C00CCF027 /* Assets.xcassets */; };
		ACB446F92826710C00CCF027 /* Preview Assets.xcassets in Resources */ = {isa = PBXBuildFile; fileRef = ACB446F82826710C00CCF027 /* Preview Assets.xcassets */; };
		ACB447032826710C00CCF027 /* MaviNoteTests.swift in Sources */ = {isa = PBXBuildFile; fileRef = ACB447022826710C00CCF027 /* MaviNoteTests.swift */; };
		ACB4470D2826710C00CCF027 /* MaviNoteUITests.swift in Sources */ = {isa = PBXBuildFile; fileRef = ACB4470C2826710C00CCF027 /* MaviNoteUITests.swift */; };
		ACB4470F2826710C00CCF027 /* MaviNoteUITestsLaunchTests.swift in Sources */ = {isa = PBXBuildFile; fileRef = ACB4470E2826710C00CCF027 /* MaviNoteUITestsLaunchTests.swift */; };
/* End PBXBuildFile section */

/* Begin PBXContainerItemProxy section */
		ACB446FF2826710C00CCF027 /* PBXContainerItemProxy */ = {
			isa = PBXContainerItemProxy;
			containerPortal = ACB446E62826710600CCF027 /* Project object */;
			proxyType = 1;
			remoteGlobalIDString = ACB446ED2826710600CCF027;
			remoteInfo = MaviNote;
		};
		ACB447092826710C00CCF027 /* PBXContainerItemProxy */ = {
			isa = PBXContainerItemProxy;
			containerPortal = ACB446E62826710600CCF027 /* Project object */;
			proxyType = 1;
			remoteGlobalIDString = ACB446ED2826710600CCF027;
			remoteInfo = MaviNote;
		};
/* End PBXContainerItemProxy section */

/* Begin PBXFileReference section */
		AC33604C2826B805005EB968 /* Folder.swift */ = {isa = PBXFileReference; lastKnownFileType = sourcecode.swift; path = Folder.swift; sourceTree = "<group>"; };
		AC33604F2826B86F005EB968 /* NoteViewModel.swift */ = {isa = PBXFileReference; lastKnownFileType = sourcecode.swift; path = NoteViewModel.swift; sourceTree = "<group>"; };
		AC3360512826BD4E005EB968 /* Error.swift */ = {isa = PBXFileReference; lastKnownFileType = sourcecode.swift; path = Error.swift; sourceTree = "<group>"; };
		AC3360542826CB99005EB968 /* Serde */ = {isa = PBXFileReference; lastKnownFileType = wrapper; path = Serde; sourceTree = "<group>"; };
		AC39D98E2826FBA100B7B6A4 /* Note.swift */ = {isa = PBXFileReference; lastKnownFileType = sourcecode.swift; path = Note.swift; sourceTree = "<group>"; };
		AC39D99428270DF200B7B6A4 /* NoteView.swift */ = {isa = PBXFileReference; fileEncoding = 4; lastKnownFileType = sourcecode.swift; path = NoteView.swift; sourceTree = "<group>"; };
		AC39D99628270F8400B7B6A4 /* FolderCreateView.swift */ = {isa = PBXFileReference; fileEncoding = 4; lastKnownFileType = sourcecode.swift; path = FolderCreateView.swift; sourceTree = "<group>"; };
		AC39D99728270F8400B7B6A4 /* FoldersView.swift */ = {isa = PBXFileReference; fileEncoding = 4; lastKnownFileType = sourcecode.swift; path = FoldersView.swift; sourceTree = "<group>"; };
		AC39D99828270F8400B7B6A4 /* NotesView.swift */ = {isa = PBXFileReference; fileEncoding = 4; lastKnownFileType = sourcecode.swift; path = NotesView.swift; sourceTree = "<group>"; };
		AC4257772826D2630084BCB5 /* TraitHelpers.swift */ = {isa = PBXFileReference; lastKnownFileType = sourcecode.swift; path = TraitHelpers.swift; sourceTree = "<group>"; };
		AC8847792827C57500EFA78A /* libios.a */ = {isa = PBXFileReference; lastKnownFileType = archive.ar; name = libios.a; path = "../reax/target/x86_64-apple-ios/debug/libios.a"; sourceTree = "<group>"; };
		AC88477C2827C6C100EFA78A /* Runtime.swift */ = {isa = PBXFileReference; fileEncoding = 4; lastKnownFileType = sourcecode.swift; path = Runtime.swift; sourceTree = "<group>"; };
		ACB446EE2826710600CCF027 /* MaviNote.app */ = {isa = PBXFileReference; explicitFileType = wrapper.application; includeInIndex = 0; path = MaviNote.app; sourceTree = BUILT_PRODUCTS_DIR; };
		ACB446F12826710600CCF027 /* MaviNoteApp.swift */ = {isa = PBXFileReference; lastKnownFileType = sourcecode.swift; path = MaviNoteApp.swift; sourceTree = "<group>"; };
		ACB446F32826710600CCF027 /* ContentView.swift */ = {isa = PBXFileReference; lastKnownFileType = sourcecode.swift; path = ContentView.swift; sourceTree = "<group>"; };
		ACB446F52826710C00CCF027 /* Assets.xcassets */ = {isa = PBXFileReference; lastKnownFileType = folder.assetcatalog; path = Assets.xcassets; sourceTree = "<group>"; };
		ACB446F82826710C00CCF027 /* Preview Assets.xcassets */ = {isa = PBXFileReference; lastKnownFileType = folder.assetcatalog; path = "Preview Assets.xcassets"; sourceTree = "<group>"; };
		ACB446FE2826710C00CCF027 /* MaviNoteTests.xctest */ = {isa = PBXFileReference; explicitFileType = wrapper.cfbundle; includeInIndex = 0; path = MaviNoteTests.xctest; sourceTree = BUILT_PRODUCTS_DIR; };
		ACB447022826710C00CCF027 /* MaviNoteTests.swift */ = {isa = PBXFileReference; lastKnownFileType = sourcecode.swift; path = MaviNoteTests.swift; sourceTree = "<group>"; };
		ACB447082826710C00CCF027 /* MaviNoteUITests.xctest */ = {isa = PBXFileReference; explicitFileType = wrapper.cfbundle; includeInIndex = 0; path = MaviNoteUITests.xctest; sourceTree = BUILT_PRODUCTS_DIR; };
		ACB4470C2826710C00CCF027 /* MaviNoteUITests.swift */ = {isa = PBXFileReference; lastKnownFileType = sourcecode.swift; path = MaviNoteUITests.swift; sourceTree = "<group>"; };
		ACB4470E2826710C00CCF027 /* MaviNoteUITestsLaunchTests.swift */ = {isa = PBXFileReference; lastKnownFileType = sourcecode.swift; path = MaviNoteUITestsLaunchTests.swift; sourceTree = "<group>"; };
/* End PBXFileReference section */

/* Begin PBXFrameworksBuildPhase section */
		ACB446EB2826710600CCF027 /* Frameworks */ = {
			isa = PBXFrameworksBuildPhase;
			buildActionMask = 2147483647;
			files = (
				AC4257762826CE930084BCB5 /* Serde in Frameworks */,
				AC88477B2827C59600EFA78A /* libios.a in Frameworks */,
			);
			runOnlyForDeploymentPostprocessing = 0;
		};
		ACB446FB2826710C00CCF027 /* Frameworks */ = {
			isa = PBXFrameworksBuildPhase;
			buildActionMask = 2147483647;
			files = (
			);
			runOnlyForDeploymentPostprocessing = 0;
		};
		ACB447052826710C00CCF027 /* Frameworks */ = {
			isa = PBXFrameworksBuildPhase;
			buildActionMask = 2147483647;
			files = (
			);
			runOnlyForDeploymentPostprocessing = 0;
		};
/* End PBXFrameworksBuildPhase section */

/* Begin PBXGroup section */
		AC3360482826764C005EB968 /* Frameworks */ = {
			isa = PBXGroup;
			children = (
				AC8847792827C57500EFA78A /* libios.a */,
			);
			name = Frameworks;
			sourceTree = "<group>";
		};
		AC33604B2826B7EB005EB968 /* Models */ = {
			isa = PBXGroup;
			children = (
				AC33604C2826B805005EB968 /* Folder.swift */,
				AC3360512826BD4E005EB968 /* Error.swift */,
				AC4257772826D2630084BCB5 /* TraitHelpers.swift */,
				AC39D98E2826FBA100B7B6A4 /* Note.swift */,
			);
			path = Models;
			sourceTree = "<group>";
		};
		AC33604E2826B861005EB968 /* ViewModels */ = {
			isa = PBXGroup;
			children = (
				AC88477C2827C6C100EFA78A /* Runtime.swift */,
				AC33604F2826B86F005EB968 /* NoteViewModel.swift */,
			);
			path = ViewModels;
			sourceTree = "<group>";
		};
		AC3360532826CB99005EB968 /* Packages */ = {
			isa = PBXGroup;
			children = (
				AC3360542826CB99005EB968 /* Serde */,
			);
			name = Packages;
			sourceTree = "<group>";
		};
		AC4257792826EE410084BCB5 /* Views */ = {
			isa = PBXGroup;
			children = (
				AC42577A2826EE490084BCB5 /* Note */,
			);
			path = Views;
			sourceTree = "<group>";
		};
		AC42577A2826EE490084BCB5 /* Note */ = {
			isa = PBXGroup;
			children = (
				AC39D99628270F8400B7B6A4 /* FolderCreateView.swift */,
				AC39D99728270F8400B7B6A4 /* FoldersView.swift */,
				AC39D99828270F8400B7B6A4 /* NotesView.swift */,
				AC39D99428270DF200B7B6A4 /* NoteView.swift */,
			);
			path = Note;
			sourceTree = "<group>";
		};
		ACB446E52826710600CCF027 = {
			isa = PBXGroup;
			children = (
				AC3360532826CB99005EB968 /* Packages */,
				ACB446F02826710600CCF027 /* MaviNote */,
				ACB447012826710C00CCF027 /* MaviNoteTests */,
				ACB4470B2826710C00CCF027 /* MaviNoteUITests */,
				ACB446EF2826710600CCF027 /* Products */,
				AC3360482826764C005EB968 /* Frameworks */,
			);
			sourceTree = "<group>";
		};
		ACB446EF2826710600CCF027 /* Products */ = {
			isa = PBXGroup;
			children = (
				ACB446EE2826710600CCF027 /* MaviNote.app */,
				ACB446FE2826710C00CCF027 /* MaviNoteTests.xctest */,
				ACB447082826710C00CCF027 /* MaviNoteUITests.xctest */,
			);
			name = Products;
			sourceTree = "<group>";
		};
		ACB446F02826710600CCF027 /* MaviNote */ = {
			isa = PBXGroup;
			children = (
				AC4257792826EE410084BCB5 /* Views */,
				AC33604E2826B861005EB968 /* ViewModels */,
				AC33604B2826B7EB005EB968 /* Models */,
				ACB446F12826710600CCF027 /* MaviNoteApp.swift */,
				ACB446F32826710600CCF027 /* ContentView.swift */,
				ACB446F52826710C00CCF027 /* Assets.xcassets */,
				ACB446F72826710C00CCF027 /* Preview Content */,
			);
			path = MaviNote;
			sourceTree = "<group>";
		};
		ACB446F72826710C00CCF027 /* Preview Content */ = {
			isa = PBXGroup;
			children = (
				ACB446F82826710C00CCF027 /* Preview Assets.xcassets */,
			);
			path = "Preview Content";
			sourceTree = "<group>";
		};
		ACB447012826710C00CCF027 /* MaviNoteTests */ = {
			isa = PBXGroup;
			children = (
				ACB447022826710C00CCF027 /* MaviNoteTests.swift */,
			);
			path = MaviNoteTests;
			sourceTree = "<group>";
		};
		ACB4470B2826710C00CCF027 /* MaviNoteUITests */ = {
			isa = PBXGroup;
			children = (
				ACB4470C2826710C00CCF027 /* MaviNoteUITests.swift */,
				ACB4470E2826710C00CCF027 /* MaviNoteUITestsLaunchTests.swift */,
			);
			path = MaviNoteUITests;
			sourceTree = "<group>";
		};
/* End PBXGroup section */

/* Begin PBXNativeTarget section */
		ACB446ED2826710600CCF027 /* MaviNote */ = {
			isa = PBXNativeTarget;
			buildConfigurationList = ACB447122826710C00CCF027 /* Build configuration list for PBXNativeTarget "MaviNote" */;
			buildPhases = (
				ACB446EA2826710600CCF027 /* Sources */,
				ACB446EB2826710600CCF027 /* Frameworks */,
				ACB446EC2826710600CCF027 /* Resources */,
			);
			buildRules = (
			);
			dependencies = (
			);
			name = MaviNote;
			packageProductDependencies = (
				AC4257752826CE930084BCB5 /* Serde */,
			);
			productName = MaviNote;
			productReference = ACB446EE2826710600CCF027 /* MaviNote.app */;
			productType = "com.apple.product-type.application";
		};
		ACB446FD2826710C00CCF027 /* MaviNoteTests */ = {
			isa = PBXNativeTarget;
			buildConfigurationList = ACB447152826710C00CCF027 /* Build configuration list for PBXNativeTarget "MaviNoteTests" */;
			buildPhases = (
				ACB446FA2826710C00CCF027 /* Sources */,
				ACB446FB2826710C00CCF027 /* Frameworks */,
				ACB446FC2826710C00CCF027 /* Resources */,
			);
			buildRules = (
			);
			dependencies = (
				ACB447002826710C00CCF027 /* PBXTargetDependency */,
			);
			name = MaviNoteTests;
			productName = MaviNoteTests;
			productReference = ACB446FE2826710C00CCF027 /* MaviNoteTests.xctest */;
			productType = "com.apple.product-type.bundle.unit-test";
		};
		ACB447072826710C00CCF027 /* MaviNoteUITests */ = {
			isa = PBXNativeTarget;
			buildConfigurationList = ACB447182826710C00CCF027 /* Build configuration list for PBXNativeTarget "MaviNoteUITests" */;
			buildPhases = (
				ACB447042826710C00CCF027 /* Sources */,
				ACB447052826710C00CCF027 /* Frameworks */,
				ACB447062826710C00CCF027 /* Resources */,
			);
			buildRules = (
			);
			dependencies = (
				ACB4470A2826710C00CCF027 /* PBXTargetDependency */,
			);
			name = MaviNoteUITests;
			productName = MaviNoteUITests;
			productReference = ACB447082826710C00CCF027 /* MaviNoteUITests.xctest */;
			productType = "com.apple.product-type.bundle.ui-testing";
		};
/* End PBXNativeTarget section */

/* Begin PBXProject section */
		ACB446E62826710600CCF027 /* Project object */ = {
			isa = PBXProject;
			attributes = {
				BuildIndependentTargetsInParallel = 1;
				LastSwiftUpdateCheck = 1330;
				LastUpgradeCheck = 1330;
				TargetAttributes = {
					ACB446ED2826710600CCF027 = {
						CreatedOnToolsVersion = 13.3.1;
					};
					ACB446FD2826710C00CCF027 = {
						CreatedOnToolsVersion = 13.3.1;
						TestTargetID = ACB446ED2826710600CCF027;
					};
					ACB447072826710C00CCF027 = {
						CreatedOnToolsVersion = 13.3.1;
						TestTargetID = ACB446ED2826710600CCF027;
					};
				};
			};
			buildConfigurationList = ACB446E92826710600CCF027 /* Build configuration list for PBXProject "MaviNote" */;
			compatibilityVersion = "Xcode 13.0";
			developmentRegion = en;
			hasScannedForEncodings = 0;
			knownRegions = (
				en,
				Base,
			);
			mainGroup = ACB446E52826710600CCF027;
			productRefGroup = ACB446EF2826710600CCF027 /* Products */;
			projectDirPath = "";
			projectRoot = "";
			targets = (
				ACB446ED2826710600CCF027 /* MaviNote */,
				ACB446FD2826710C00CCF027 /* MaviNoteTests */,
				ACB447072826710C00CCF027 /* MaviNoteUITests */,
			);
		};
/* End PBXProject section */

/* Begin PBXResourcesBuildPhase section */
		ACB446EC2826710600CCF027 /* Resources */ = {
			isa = PBXResourcesBuildPhase;
			buildActionMask = 2147483647;
			files = (
				ACB446F92826710C00CCF027 /* Preview Assets.xcassets in Resources */,
				ACB446F62826710C00CCF027 /* Assets.xcassets in Resources */,
			);
			runOnlyForDeploymentPostprocessing = 0;
		};
		ACB446FC2826710C00CCF027 /* Resources */ = {
			isa = PBXResourcesBuildPhase;
			buildActionMask = 2147483647;
			files = (
			);
			runOnlyForDeploymentPostprocessing = 0;
		};
		ACB447062826710C00CCF027 /* Resources */ = {
			isa = PBXResourcesBuildPhase;
			buildActionMask = 2147483647;
			files = (
			);
			runOnlyForDeploymentPostprocessing = 0;
		};
/* End PBXResourcesBuildPhase section */

/* Begin PBXSourcesBuildPhase section */
		ACB446EA2826710600CCF027 /* Sources */ = {
			isa = PBXSourcesBuildPhase;
			buildActionMask = 2147483647;
			files = (
				AC3360502826B86F005EB968 /* NoteViewModel.swift in Sources */,
				ACB446F42826710600CCF027 /* ContentView.swift in Sources */,
				AC39D99B28270F8400B7B6A4 /* NotesView.swift in Sources */,
				AC39D99528270DF200B7B6A4 /* NoteView.swift in Sources */,
				AC88477D2827C6C100EFA78A /* Runtime.swift in Sources */,
				ACB446F22826710600CCF027 /* MaviNoteApp.swift in Sources */,
				AC3360522826BD4E005EB968 /* Error.swift in Sources */,
				AC39D98F2826FBA100B7B6A4 /* Note.swift in Sources */,
				AC33604D2826B805005EB968 /* Folder.swift in Sources */,
				AC39D99A28270F8400B7B6A4 /* FoldersView.swift in Sources */,
				AC39D99928270F8400B7B6A4 /* FolderCreateView.swift in Sources */,
				AC4257782826D2630084BCB5 /* TraitHelpers.swift in Sources */,
			);
			runOnlyForDeploymentPostprocessing = 0;
		};
		ACB446FA2826710C00CCF027 /* Sources */ = {
			isa = PBXSourcesBuildPhase;
			buildActionMask = 2147483647;
			files = (
				ACB447032826710C00CCF027 /* MaviNoteTests.swift in Sources */,
			);
			runOnlyForDeploymentPostprocessing = 0;
		};
		ACB447042826710C00CCF027 /* Sources */ = {
			isa = PBXSourcesBuildPhase;
			buildActionMask = 2147483647;
			files = (
				ACB4470F2826710C00CCF027 /* MaviNoteUITestsLaunchTests.swift in Sources */,
				ACB4470D2826710C00CCF027 /* MaviNoteUITests.swift in Sources */,
			);
			runOnlyForDeploymentPostprocessing = 0;
		};
/* End PBXSourcesBuildPhase section */

/* Begin PBXTargetDependency section */
		ACB447002826710C00CCF027 /* PBXTargetDependency */ = {
			isa = PBXTargetDependency;
			target = ACB446ED2826710600CCF027 /* MaviNote */;
			targetProxy = ACB446FF2826710C00CCF027 /* PBXContainerItemProxy */;
		};
		ACB4470A2826710C00CCF027 /* PBXTargetDependency */ = {
			isa = PBXTargetDependency;
			target = ACB446ED2826710600CCF027 /* MaviNote */;
			targetProxy = ACB447092826710C00CCF027 /* PBXContainerItemProxy */;
		};
/* End PBXTargetDependency section */

/* Begin XCBuildConfiguration section */
		ACB447102826710C00CCF027 /* Debug */ = {
			isa = XCBuildConfiguration;
			buildSettings = {
				ALWAYS_SEARCH_USER_PATHS = NO;
				CLANG_ANALYZER_NONNULL = YES;
				CLANG_ANALYZER_NUMBER_OBJECT_CONVERSION = YES_AGGRESSIVE;
				CLANG_CXX_LANGUAGE_STANDARD = "gnu++17";
				CLANG_ENABLE_MODULES = YES;
				CLANG_ENABLE_OBJC_ARC = YES;
				CLANG_ENABLE_OBJC_WEAK = YES;
				CLANG_WARN_BLOCK_CAPTURE_AUTORELEASING = YES;
				CLANG_WARN_BOOL_CONVERSION = YES;
				CLANG_WARN_COMMA = YES;
				CLANG_WARN_CONSTANT_CONVERSION = YES;
				CLANG_WARN_DEPRECATED_OBJC_IMPLEMENTATIONS = YES;
				CLANG_WARN_DIRECT_OBJC_ISA_USAGE = YES_ERROR;
				CLANG_WARN_DOCUMENTATION_COMMENTS = YES;
				CLANG_WARN_EMPTY_BODY = YES;
				CLANG_WARN_ENUM_CONVERSION = YES;
				CLANG_WARN_INFINITE_RECURSION = YES;
				CLANG_WARN_INT_CONVERSION = YES;
				CLANG_WARN_NON_LITERAL_NULL_CONVERSION = YES;
				CLANG_WARN_OBJC_IMPLICIT_RETAIN_SELF = YES;
				CLANG_WARN_OBJC_LITERAL_CONVERSION = YES;
				CLANG_WARN_OBJC_ROOT_CLASS = YES_ERROR;
				CLANG_WARN_QUOTED_INCLUDE_IN_FRAMEWORK_HEADER = YES;
				CLANG_WARN_RANGE_LOOP_ANALYSIS = YES;
				CLANG_WARN_STRICT_PROTOTYPES = YES;
				CLANG_WARN_SUSPICIOUS_MOVE = YES;
				CLANG_WARN_UNGUARDED_AVAILABILITY = YES_AGGRESSIVE;
				CLANG_WARN_UNREACHABLE_CODE = YES;
				CLANG_WARN__DUPLICATE_METHOD_MATCH = YES;
				COPY_PHASE_STRIP = NO;
				DEBUG_INFORMATION_FORMAT = dwarf;
				ENABLE_STRICT_OBJC_MSGSEND = YES;
				ENABLE_TESTABILITY = YES;
				GCC_C_LANGUAGE_STANDARD = gnu11;
				GCC_DYNAMIC_NO_PIC = NO;
				GCC_NO_COMMON_BLOCKS = YES;
				GCC_OPTIMIZATION_LEVEL = 0;
				GCC_PREPROCESSOR_DEFINITIONS = (
					"DEBUG=1",
					"$(inherited)",
				);
				GCC_WARN_64_TO_32_BIT_CONVERSION = YES;
				GCC_WARN_ABOUT_RETURN_TYPE = YES_ERROR;
				GCC_WARN_UNDECLARED_SELECTOR = YES;
				GCC_WARN_UNINITIALIZED_AUTOS = YES_AGGRESSIVE;
				GCC_WARN_UNUSED_FUNCTION = YES;
				GCC_WARN_UNUSED_VARIABLE = YES;
				IPHONEOS_DEPLOYMENT_TARGET = 15.4;
				LIBRARY_SEARCH_PATHS = "../reax/target/x86_64-apple-ios/debug";
				MTL_ENABLE_DEBUG_INFO = INCLUDE_SOURCE;
				MTL_FAST_MATH = YES;
				ONLY_ACTIVE_ARCH = YES;
				SDKROOT = iphoneos;
				SWIFT_ACTIVE_COMPILATION_CONDITIONS = DEBUG;
				SWIFT_OPTIMIZATION_LEVEL = "-Onone";
			};
			name = Debug;
		};
		ACB447112826710C00CCF027 /* Release */ = {
			isa = XCBuildConfiguration;
			buildSettings = {
				ALWAYS_SEARCH_USER_PATHS = NO;
				CLANG_ANALYZER_NONNULL = YES;
				CLANG_ANALYZER_NUMBER_OBJECT_CONVERSION = YES_AGGRESSIVE;
				CLANG_CXX_LANGUAGE_STANDARD = "gnu++17";
				CLANG_ENABLE_MODULES = YES;
				CLANG_ENABLE_OBJC_ARC = YES;
				CLANG_ENABLE_OBJC_WEAK = YES;
				CLANG_WARN_BLOCK_CAPTURE_AUTORELEASING = YES;
				CLANG_WARN_BOOL_CONVERSION = YES;
				CLANG_WARN_COMMA = YES;
				CLANG_WARN_CONSTANT_CONVERSION = YES;
				CLANG_WARN_DEPRECATED_OBJC_IMPLEMENTATIONS = YES;
				CLANG_WARN_DIRECT_OBJC_ISA_USAGE = YES_ERROR;
				CLANG_WARN_DOCUMENTATION_COMMENTS = YES;
				CLANG_WARN_EMPTY_BODY = YES;
				CLANG_WARN_ENUM_CONVERSION = YES;
				CLANG_WARN_INFINITE_RECURSION = YES;
				CLANG_WARN_INT_CONVERSION = YES;
				CLANG_WARN_NON_LITERAL_NULL_CONVERSION = YES;
				CLANG_WARN_OBJC_IMPLICIT_RETAIN_SELF = YES;
				CLANG_WARN_OBJC_LITERAL_CONVERSION = YES;
				CLANG_WARN_OBJC_ROOT_CLASS = YES_ERROR;
				CLANG_WARN_QUOTED_INCLUDE_IN_FRAMEWORK_HEADER = YES;
				CLANG_WARN_RANGE_LOOP_ANALYSIS = YES;
				CLANG_WARN_STRICT_PROTOTYPES = YES;
				CLANG_WARN_SUSPICIOUS_MOVE = YES;
				CLANG_WARN_UNGUARDED_AVAILABILITY = YES_AGGRESSIVE;
				CLANG_WARN_UNREACHABLE_CODE = YES;
				CLANG_WARN__DUPLICATE_METHOD_MATCH = YES;
				COPY_PHASE_STRIP = NO;
				DEBUG_INFORMATION_FORMAT = "dwarf-with-dsym";
				ENABLE_NS_ASSERTIONS = NO;
				ENABLE_STRICT_OBJC_MSGSEND = YES;
				GCC_C_LANGUAGE_STANDARD = gnu11;
				GCC_NO_COMMON_BLOCKS = YES;
				GCC_WARN_64_TO_32_BIT_CONVERSION = YES;
				GCC_WARN_ABOUT_RETURN_TYPE = YES_ERROR;
				GCC_WARN_UNDECLARED_SELECTOR = YES;
				GCC_WARN_UNINITIALIZED_AUTOS = YES_AGGRESSIVE;
				GCC_WARN_UNUSED_FUNCTION = YES;
				GCC_WARN_UNUSED_VARIABLE = YES;
				IPHONEOS_DEPLOYMENT_TARGET = 15.4;
				LIBRARY_SEARCH_PATHS = "../reax/target/aarch64-apple-ios/release";
				MTL_ENABLE_DEBUG_INFO = NO;
				MTL_FAST_MATH = YES;
				SDKROOT = iphoneos;
				SWIFT_COMPILATION_MODE = wholemodule;
				SWIFT_OPTIMIZATION_LEVEL = "-O";
				VALIDATE_PRODUCT = YES;
			};
			name = Release;
		};
		ACB447132826710C00CCF027 /* Debug */ = {
			isa = XCBuildConfiguration;
			buildSettings = {
				ASSETCATALOG_COMPILER_APPICON_NAME = AppIcon;
				ASSETCATALOG_COMPILER_GLOBAL_ACCENT_COLOR_NAME = AccentColor;
				CODE_SIGN_STYLE = Automatic;
				CURRENT_PROJECT_VERSION = 1;
				DEVELOPMENT_ASSET_PATHS = "\"MaviNote/Preview Content\"";
				DEVELOPMENT_TEAM = 2FQV425TS4;
				ENABLE_PREVIEWS = YES;
				GENERATE_INFOPLIST_FILE = YES;
				INFOPLIST_KEY_UIApplicationSceneManifest_Generation = YES;
				INFOPLIST_KEY_UIApplicationSupportsIndirectInputEvents = YES;
				INFOPLIST_KEY_UILaunchScreen_Generation = YES;
				INFOPLIST_KEY_UISupportedInterfaceOrientations_iPad = "UIInterfaceOrientationPortrait UIInterfaceOrientationPortraitUpsideDown UIInterfaceOrientationLandscapeLeft UIInterfaceOrientationLandscapeRight";
				INFOPLIST_KEY_UISupportedInterfaceOrientations_iPhone = "UIInterfaceOrientationPortrait UIInterfaceOrientationLandscapeLeft UIInterfaceOrientationLandscapeRight";
				LD_RUNPATH_SEARCH_PATHS = (
					"$(inherited)",
					"@executable_path/Frameworks",
				);
				LIBRARY_SEARCH_PATHS = "../reax/target/x86_64-apple-ios/debug";
				MARKETING_VERSION = 1.0;
				PRODUCT_BUNDLE_IDENTIFIER = bwqr.MaviNote;
				PRODUCT_NAME = "$(TARGET_NAME)";
				SWIFT_EMIT_LOC_STRINGS = YES;
				SWIFT_OBJC_BRIDGING_HEADER = ../reax/ios/src/reax.h;
				SWIFT_VERSION = 5.0;
				TARGETED_DEVICE_FAMILY = "1,2";
			};
			name = Debug;
		};
		ACB447142826710C00CCF027 /* Release */ = {
			isa = XCBuildConfiguration;
			buildSettings = {
				ASSETCATALOG_COMPILER_APPICON_NAME = AppIcon;
				ASSETCATALOG_COMPILER_GLOBAL_ACCENT_COLOR_NAME = AccentColor;
				CODE_SIGN_STYLE = Automatic;
				CURRENT_PROJECT_VERSION = 1;
				DEVELOPMENT_ASSET_PATHS = "\"MaviNote/Preview Content\"";
				DEVELOPMENT_TEAM = 2FQV425TS4;
				ENABLE_PREVIEWS = YES;
				GENERATE_INFOPLIST_FILE = YES;
				INFOPLIST_KEY_UIApplicationSceneManifest_Generation = YES;
				INFOPLIST_KEY_UIApplicationSupportsIndirectInputEvents = YES;
				INFOPLIST_KEY_UILaunchScreen_Generation = YES;
				INFOPLIST_KEY_UISupportedInterfaceOrientations_iPad = "UIInterfaceOrientationPortrait UIInterfaceOrientationPortraitUpsideDown UIInterfaceOrientationLandscapeLeft UIInterfaceOrientationLandscapeRight";
				INFOPLIST_KEY_UISupportedInterfaceOrientations_iPhone = "UIInterfaceOrientationPortrait UIInterfaceOrientationLandscapeLeft UIInterfaceOrientationLandscapeRight";
				LD_RUNPATH_SEARCH_PATHS = (
					"$(inherited)",
					"@executable_path/Frameworks",
				);
				LIBRARY_SEARCH_PATHS = "../reax/target/aarch64-apple-ios/release";
				MARKETING_VERSION = 1.0;
				PRODUCT_BUNDLE_IDENTIFIER = bwqr.MaviNote;
				PRODUCT_NAME = "$(TARGET_NAME)";
				SWIFT_EMIT_LOC_STRINGS = YES;
				SWIFT_OBJC_BRIDGING_HEADER = ../reax/ios/src/reax.h;
				SWIFT_VERSION = 5.0;
				TARGETED_DEVICE_FAMILY = "1,2";
			};
			name = Release;
		};
		ACB447162826710C00CCF027 /* Debug */ = {
			isa = XCBuildConfiguration;
			buildSettings = {
				ALWAYS_EMBED_SWIFT_STANDARD_LIBRARIES = YES;
				BUNDLE_LOADER = "$(TEST_HOST)";
				CODE_SIGN_STYLE = Automatic;
				CURRENT_PROJECT_VERSION = 1;
				DEVELOPMENT_TEAM = 2FQV425TS4;
				GENERATE_INFOPLIST_FILE = YES;
				IPHONEOS_DEPLOYMENT_TARGET = 15.4;
				MARKETING_VERSION = 1.0;
				PRODUCT_BUNDLE_IDENTIFIER = bwqr.MaviNoteTests;
				PRODUCT_NAME = "$(TARGET_NAME)";
				SWIFT_EMIT_LOC_STRINGS = NO;
				SWIFT_VERSION = 5.0;
				TARGETED_DEVICE_FAMILY = "1,2";
				TEST_HOST = "$(BUILT_PRODUCTS_DIR)/MaviNote.app/MaviNote";
			};
			name = Debug;
		};
		ACB447172826710C00CCF027 /* Release */ = {
			isa = XCBuildConfiguration;
			buildSettings = {
				ALWAYS_EMBED_SWIFT_STANDARD_LIBRARIES = YES;
				BUNDLE_LOADER = "$(TEST_HOST)";
				CODE_SIGN_STYLE = Automatic;
				CURRENT_PROJECT_VERSION = 1;
				DEVELOPMENT_TEAM = 2FQV425TS4;
				GENERATE_INFOPLIST_FILE = YES;
				IPHONEOS_DEPLOYMENT_TARGET = 15.4;
				MARKETING_VERSION = 1.0;
				PRODUCT_BUNDLE_IDENTIFIER = bwqr.MaviNoteTests;
				PRODUCT_NAME = "$(TARGET_NAME)";
				SWIFT_EMIT_LOC_STRINGS = NO;
				SWIFT_VERSION = 5.0;
				TARGETED_DEVICE_FAMILY = "1,2";
				TEST_HOST = "$(BUILT_PRODUCTS_DIR)/MaviNote.app/MaviNote";
			};
			name = Release;
		};
		ACB447192826710C00CCF027 /* Debug */ = {
			isa = XCBuildConfiguration;
			buildSettings = {
				ALWAYS_EMBED_SWIFT_STANDARD_LIBRARIES = YES;
				CODE_SIGN_STYLE = Automatic;
				CURRENT_PROJECT_VERSION = 1;
				DEVELOPMENT_TEAM = 2FQV425TS4;
				GENERATE_INFOPLIST_FILE = YES;
				MARKETING_VERSION = 1.0;
				PRODUCT_BUNDLE_IDENTIFIER = bwqr.MaviNoteUITests;
				PRODUCT_NAME = "$(TARGET_NAME)";
				SWIFT_EMIT_LOC_STRINGS = NO;
				SWIFT_VERSION = 5.0;
				TARGETED_DEVICE_FAMILY = "1,2";
				TEST_TARGET_NAME = MaviNote;
			};
			name = Debug;
		};
		ACB4471A2826710C00CCF027 /* Release */ = {
			isa = XCBuildConfiguration;
			buildSettings = {
				ALWAYS_EMBED_SWIFT_STANDARD_LIBRARIES = YES;
				CODE_SIGN_STYLE = Automatic;
				CURRENT_PROJECT_VERSION = 1;
				DEVELOPMENT_TEAM = 2FQV425TS4;
				GENERATE_INFOPLIST_FILE = YES;
				MARKETING_VERSION = 1.0;
				PRODUCT_BUNDLE_IDENTIFIER = bwqr.MaviNoteUITests;
				PRODUCT_NAME = "$(TARGET_NAME)";
				SWIFT_EMIT_LOC_STRINGS = NO;
				SWIFT_VERSION = 5.0;
				TARGETED_DEVICE_FAMILY = "1,2";
				TEST_TARGET_NAME = MaviNote;
			};
			name = Release;
		};
/* End XCBuildConfiguration section */

/* Begin XCConfigurationList section */
		ACB446E92826710600CCF027 /* Build configuration list for PBXProject "MaviNote" */ = {
			isa = XCConfigurationList;
			buildConfigurations = (
				ACB447102826710C00CCF027 /* Debug */,
				ACB447112826710C00CCF027 /* Release */,
			);
			defaultConfigurationIsVisible = 0;
			defaultConfigurationName = Release;
		};
		ACB447122826710C00CCF027 /* Build configuration list for PBXNativeTarget "MaviNote" */ = {
			isa = XCConfigurationList;
			buildConfigurations = (
				ACB447132826710C00CCF027 /* Debug */,
				ACB447142826710C00CCF027 /* Release */,
			);
			defaultConfigurationIsVisible = 0;
			defaultConfigurationName = Release;
		};
		ACB447152826710C00CCF027 /* Build configuration list for PBXNativeTarget "MaviNoteTests" */ = {
			isa = XCConfigurationList;
			buildConfigurations = (
				ACB447162826710C00CCF027 /* Debug */,
				ACB447172826710C00CCF027 /* Release */,
			);
			defaultConfigurationIsVisible = 0;
			defaultConfigurationName = Release;
		};
		ACB447182826710C00CCF027 /* Build configuration list for PBXNativeTarget "MaviNoteUITests" */ = {
			isa = XCConfigurationList;
			buildConfigurations = (
				ACB447192826710C00CCF027 /* Debug */,
				ACB4471A2826710C00CCF027 /* Release */,
			);
			defaultConfigurationIsVisible = 0;
			defaultConfigurationName = Release;
		};
/* End XCConfigurationList section */

/* Begin XCSwiftPackageProductDependency section */
		AC4257752826CE930084BCB5 /* Serde */ = {
			isa = XCSwiftPackageProductDependency;
			productName = Serde;
		};
/* End XCSwiftPackageProductDependency section */
	};
	rootObject = ACB446E62826710600CCF027 /* Project object */;
}
